{
  "requires": true,
  "lockfileVersion": 1,
  "dependencies": {
    "leaflet": {
      "version": "1.5.1",
      "resolved": "https://registry.npmjs.org/leaflet/-/leaflet-1.5.1.tgz",
      "integrity": "sha512-ekM9KAeG99tYisNBg0IzEywAlp0hYI5XRipsqRXyRTeuU8jcuntilpp+eFf5gaE0xubc9RuSNIVtByEKwqFV0w=="
    },
    "leaflet.markercluster": {
      "version": "1.4.1",
      "resolved": "https://registry.npmjs.org/leaflet.markercluster/-/leaflet.markercluster-1.4.1.tgz",
      "integrity": "sha512-ZSEpE/EFApR0bJ1w/dUGwTSUvWlpalKqIzkaYdYB7jaftQA/Y2Jav+eT4CMtEYFj+ZK4mswP13Q2acnPBnhGOw=="
    },
    "vue2-leaflet": {
      "version": "2.2.1",
      "resolved": "https://registry.npmjs.org/vue2-leaflet/-/vue2-leaflet-2.2.1.tgz",
      "integrity": "sha512-yBB3Ilv9LTszNn/uxUATq8+Ahw/1FqIasdQehb9m1tJ5T9qeEk8Fr9a6uLzvR+zuz88rnEQVo7/iGUd96E7iLg=="
    },
    "vue2-leaflet-markercluster": {
      "version": "3.0.0",
      "resolved": "https://registry.npmjs.org/vue2-leaflet-markercluster/-/vue2-leaflet-markercluster-3.0.0.tgz",
      "integrity": "sha512-ldApIjGWBMtC49fRPn0UdVzK2KNAWaf7XHWJrKfiX+5VckKYBdEuOAsC9HPXeb3Jx8O/QQOm04pEoFPzKqYpCg==",
      "requires": {
        "leaflet.markercluster": "1.4.1"
      }
    }
  }
}
